
Microsoft Visual Studio Solution File, Format Version 12.00
# Visual Studio 15
VisualStudioVersion = 15.0.26228.4
MinimumVisualStudioVersion = 10.0.40219.1
Project("{FAE04EC0-301F-11D3-BF4B-00C04F79EFBC}") = "MachineCode", "MachineCode\MachineCode.csproj", "{5618971A-57EE-46C7-8A8E-4BBC5999AC5C}"
EndProject
Project("{FAE04EC0-301F-11D3-BF4B-00C04F79EFBC}") = "Encrypy", "Encrypy\Encrypy.csproj", "{1F9E49A7-C713-44D3-B67D-598878932C93}"
EndProject
Project("{FAE04EC0-301F-11D3-BF4B-00C04F79EFBC}") = "test", "test\test.csproj", "{D2C01570-C849-4AA5-B2BA-2226BBC82857}"
EndProject
Project("{FAE04EC0-301F-11D3-BF4B-00C04F79EFBC}") = "TESTwf", "TESTwf\TESTwf.csproj", "{0562422E-5453-4165-9245-F8D2DB3D6BD3}"
EndProject
Project("{FAE04EC0-301F-11D3-BF4B-00C04F79EFBC}") = "StepPrompt", "StepPrompt\StepPrompt.csproj", "{36023935-7FD7-4D63-B026-20A70B3587B0}"
EndProject
Project("{FAE04EC0-301F-11D3-BF4B-00C04F79EFBC}") = "BaiDuAPI", "BaiduOcr\BaiDuAPI.csproj", "{D27BE5E1-EA75-476F-8BE1-9874FA99E722}"
EndProject
Global
	GlobalSection(SolutionConfigurationPlatforms) = preSolution
		Debug|Any CPU = Debug|Any CPU
		Release|Any CPU = Release|Any CPU
	EndGlobalSection
	GlobalSection(ProjectConfigurationPlatforms) = postSolution
		{5618971A-57EE-46C7-8A8E-4BBC5999AC5C}.Debug|Any CPU.ActiveCfg = Debug|Any CPU
		{5618971A-57EE-46C7-8A8E-4BBC5999AC5C}.Debug|Any CPU.Build.0 = Debug|Any CPU
		{5618971A-57EE-46C7-8A8E-4BBC5999AC5C}.Release|Any CPU.ActiveCfg = Release|Any CPU
		{5618971A-57EE-46C7-8A8E-4BBC5999AC5C}.Release|Any CPU.Build.0 = Release|Any CPU
		{1F9E49A7-C713-44D3-B67D-598878932C93}.Debug|Any CPU.ActiveCfg = Debug|Any CPU
		{1F9E49A7-C713-44D3-B67D-598878932C93}.Debug|Any CPU.Build.0 = Debug|Any CPU
		{1F9E49A7-C713-44D3-B67D-598878932C93}.Release|Any CPU.ActiveCfg = Release|Any CPU
		{1F9E49A7-C713-44D3-B67D-598878932C93}.Release|Any CPU.Build.0 = Release|Any CPU
		{D2C01570-C849-4AA5-B2BA-2226BBC82857}.Debug|Any CPU.ActiveCfg = Debug|Any CPU
		{D2C01570-C849-4AA5-B2BA-2226BBC82857}.Debug|Any CPU.Build.0 = Debug|Any CPU
		{D2C01570-C849-4AA5-B2BA-2226BBC82857}.Release|Any CPU.ActiveCfg = Release|Any CPU
		{D2C01570-C849-4AA5-B2BA-2226BBC82857}.Release|Any CPU.Build.0 = Release|Any CPU
		{0562422E-5453-4165-9245-F8D2DB3D6BD3}.Debug|Any CPU.ActiveCfg = Debug|Any CPU
		{0562422E-5453-4165-9245-F8D2DB3D6BD3}.Debug|Any CPU.Build.0 = Debug|Any CPU
		{0562422E-5453-4165-9245-F8D2DB3D6BD3}.Release|Any CPU.ActiveCfg = Release|Any CPU
		{0562422E-5453-4165-9245-F8D2DB3D6BD3}.Release|Any CPU.Build.0 = Release|Any CPU
		{36023935-7FD7-4D63-B026-20A70B3587B0}.Debug|Any CPU.ActiveCfg = Debug|Any CPU
		{36023935-7FD7-4D63-B026-20A70B3587B0}.Debug|Any CPU.Build.0 = Debug|Any CPU
		{36023935-7FD7-4D63-B026-20A70B3587B0}.Release|Any CPU.ActiveCfg = Release|Any CPU
		{36023935-7FD7-4D63-B026-20A70B3587B0}.Release|Any CPU.Build.0 = Release|Any CPU
		{D27BE5E1-EA75-476F-8BE1-9874FA99E722}.Debug|Any CPU.ActiveCfg = Debug|Any CPU
		{D27BE5E1-EA75-476F-8BE1-9874FA99E722}.Debug|Any CPU.Build.0 = Debug|Any CPU
		{D27BE5E1-EA75-476F-8BE1-9874FA99E722}.Release|Any CPU.ActiveCfg = Release|Any CPU
		{D27BE5E1-EA75-476F-8BE1-9874FA99E722}.Release|Any CPU.Build.0 = Release|Any CPU
	EndGlobalSection
	GlobalSection(SolutionProperties) = preSolution
		HideSolutionNode = FALSE
	EndGlobalSection
	GlobalSection(ExtensibilityGlobals) = postSolution
		SolutionGuid = {6116B3B3-6D95-4823-BFBC-AC898E0A60A0}
	EndGlobalSection
EndGlobal
